
Microsoft Visual Studio Solution File, Format Version 12.00
# Visual Studio Version 17
VisualStudioVersion = 17.11.35303.130
MinimumVisualStudioVersion = 10.0.40219.1
Project("{FAE04EC0-301F-11D3-BF4B-00C04F79EFBC}") = "DropSimulator", "DropSimulator\DropSimulator.csproj", "{C92E84D1-26D1-4341-8F42-ED5148A4763B}"
EndProject
Project("{FAE04EC0-301F-11D3-BF4B-00C04F79EFBC}") = "DropSimulator.Tests", "DropSimulator.Tests\DropSimulator.Tests.csproj", "{DE49AC6F-42D3-45D8-949B-A556133FEFE5}"
EndProject
Global
	GlobalSection(SolutionConfigurationPlatforms) = preSolution
		Debug|Any CPU = Debug|Any CPU
		Debug|x64 = Debug|x64
		Debug|x86 = Debug|x86
		Release|Any CPU = Release|Any CPU
		Release|x64 = Release|x64
		Release|x86 = Release|x86
	EndGlobalSection
	GlobalSection(ProjectConfigurationPlatforms) = postSolution
		{C92E84D1-26D1-4341-8F42-ED5148A4763B}.Debug|Any CPU.ActiveCfg = Debug|Any CPU
		{C92E84D1-26D1-4341-8F42-ED5148A4763B}.Debug|Any CPU.Build.0 = Debug|Any CPU
		{C92E84D1-26D1-4341-8F42-ED5148A4763B}.Debug|x64.ActiveCfg = Debug|Any CPU
		{C92E84D1-26D1-4341-8F42-ED5148A4763B}.Debug|x64.Build.0 = Debug|Any CPU
		{C92E84D1-26D1-4341-8F42-ED5148A4763B}.Debug|x86.ActiveCfg = Debug|Any CPU
		{C92E84D1-26D1-4341-8F42-ED5148A4763B}.Debug|x86.Build.0 = Debug|Any CPU
		{C92E84D1-26D1-4341-8F42-ED5148A4763B}.Release|Any CPU.ActiveCfg = Release|Any CPU
		{C92E84D1-26D1-4341-8F42-ED5148A4763B}.Release|Any CPU.Build.0 = Release|Any CPU
		{C92E84D1-26D1-4341-8F42-ED5148A4763B}.Release|x64.ActiveCfg = Release|Any CPU
		{C92E84D1-26D1-4341-8F42-ED5148A4763B}.Release|x64.Build.0 = Release|Any CPU
		{C92E84D1-26D1-4341-8F42-ED5148A4763B}.Release|x86.ActiveCfg = Release|Any CPU
		{C92E84D1-26D1-4341-8F42-ED5148A4763B}.Release|x86.Build.0 = Release|Any CPU
		{DE49AC6F-42D3-45D8-949B-A556133FEFE5}.Debug|Any CPU.ActiveCfg = Debug|Any CPU
		{DE49AC6F-42D3-45D8-949B-A556133FEFE5}.Debug|Any CPU.Build.0 = Debug|Any CPU
		{DE49AC6F-42D3-45D8-949B-A556133FEFE5}.Debug|x64.ActiveCfg = Debug|Any CPU
		{DE49AC6F-42D3-45D8-949B-A556133FEFE5}.Debug|x64.Build.0 = Debug|Any CPU
		{DE49AC6F-42D3-45D8-949B-A556133FEFE5}.Debug|x86.ActiveCfg = Debug|Any CPU
		{DE49AC6F-42D3-45D8-949B-A556133FEFE5}.Debug|x86.Build.0 = Debug|Any CPU
		{DE49AC6F-42D3-45D8-949B-A556133FEFE5}.Release|Any CPU.ActiveCfg = Release|Any CPU
		{DE49AC6F-42D3-45D8-949B-A556133FEFE5}.Release|Any CPU.Build.0 = Release|Any CPU
		{DE49AC6F-42D3-45D8-949B-A556133FEFE5}.Release|x64.ActiveCfg = Release|Any CPU
		{DE49AC6F-42D3-45D8-949B-A556133FEFE5}.Release|x64.Build.0 = Release|Any CPU
		{DE49AC6F-42D3-45D8-949B-A556133FEFE5}.Release|x86.ActiveCfg = Release|Any CPU
		{DE49AC6F-42D3-45D8-949B-A556133FEFE5}.Release|x86.Build.0 = Release|Any CPU
	EndGlobalSection
	GlobalSection(SolutionProperties) = preSolution
		HideSolutionNode = FALSE
	EndGlobalSection
	GlobalSection(ExtensibilityGlobals) = postSolution
		SolutionGuid = {31B43921-B862-49F1-8A86-4DD329F21D35}
	EndGlobalSection
EndGlobal
